
Microsoft Visual Studio Solution File, Format Version 12.00
# Visual Studio Version 16
VisualStudioVersion = 16.0.30309.148
MinimumVisualStudioVersion = 10.0.40219.1
Project("{FAE04EC0-301F-11D3-BF4B-00C04F79EFBC}") = "Calculatrice", "Calculatrice\Calculatrice.csproj", "{601CBA1A-E0AE-4DC1-A97F-9B80F4FF9FAE}"
EndProject
Global
	GlobalSection(SolutionConfigurationPlatforms) = preSolution
		Debug|Any CPU = Debug|Any CPU
		Release|Any CPU = Release|Any CPU
	EndGlobalSection
	GlobalSection(ProjectConfigurationPlatforms) = postSolution
		{601CBA1A-E0AE-4DC1-A97F-9B80F4FF9FAE}.Debug|Any CPU.ActiveCfg = Debug|Any CPU
		{601CBA1A-E0AE-4DC1-A97F-9B80F4FF9FAE}.Debug|Any CPU.Build.0 = Debug|Any CPU
		{601CBA1A-E0AE-4DC1-A97F-9B80F4FF9FAE}.Debug|Any CPU.Deploy.0 = Debug|Any CPU
		{601CBA1A-E0AE-4DC1-A97F-9B80F4FF9FAE}.Release|Any CPU.ActiveCfg = Release|Any CPU
		{601CBA1A-E0AE-4DC1-A97F-9B80F4FF9FAE}.Release|Any CPU.Build.0 = Release|Any CPU
		{601CBA1A-E0AE-4DC1-A97F-9B80F4FF9FAE}.Release|Any CPU.Deploy.0 = Release|Any CPU
	EndGlobalSection
	GlobalSection(SolutionProperties) = preSolution
		HideSolutionNode = FALSE
	EndGlobalSection
	GlobalSection(ExtensibilityGlobals) = postSolution
		SolutionGuid = {4E8D60C8-0142-4168-82FE-CA7CC635FADF}
	EndGlobalSection
EndGlobal
